<?xml version="1.0" encoding="utf-8"?>
<Project ToolsVersion="4.0" xmlns="http://schemas.microsoft.com/developer/msbuild/2003">
  <ItemGroup>
    <Filter Include="Quelldateien">
      <UniqueIdentifier>{4FC737F1-C7A5-4376-A066-2A32D752A2FF}</UniqueIdentifier>
      <Extensions>cpp;c;cc;cxx;def;odl;idl;hpj;bat;asm;asmx</Extensions>
    </Filter>
    <Filter Include="Headerdateien">
      <UniqueIdentifier>{93995380-89BD-4b04-88EB-625FBE52EBFB}</UniqueIdentifier>
      <Extensions>h;hh;hpp;hxx;hm;inl;inc;ipp;xsd</Extensions>
    </Filter>
    <Filter Include="Ressourcendateien">
      <UniqueIdentifier>{67DA6AB6-F800-4c08-8B7A-83BB121AAD01}</UniqueIdentifier>
      <Extensions>rc;ico;cur;bmp;dlg;rc2;rct;bin;rgs;gif;jpg;jpeg;jpe;resx;tiff;tif;png;wav;mfcribbon-ms</Extensions>
    </Filter>
    <Filter Include="Headerdateien\Player">
      <UniqueIdentifier>{f53d6545-df01-414e-9df6-c042bd96ee96}</UniqueIdentifier>
    </Filter>
    <Filter Include="Quelldateien\Player">
      <UniqueIdentifier>{a868332e-587b-41b3-bc84-218df236b525}</UniqueIdentifier>
    </Filter>
  </ItemGroup>
  <ItemGroup>
    <ClCompile Include="bjcon.cpp">
      <Filter>Quelldateien</Filter>
    </ClCompile>
    <ClCompile Include="GameEngine\Game.cpp">
      <Filter>Quelldateien</Filter>
    </ClCompile>
    <ClCompile Include="GameEngine\GameOptions.cpp">
      <Filter>Quelldateien</Filter>
    </ClCompile>
    <ClCompile Include="Player\Dealer.cpp">
      <Filter>Quelldateien\Player</Filter>
    </ClCompile>
    <ClCompile Include="Player\Player.cpp">
      <Filter>Quelldateien\Player</Filter>
    </ClCompile>
    <ClCompile Include="Player\Human.cpp">
      <Filter>Quelldateien\Player</Filter>
    </ClCompile>
  </ItemGroup>
  <ItemGroup>
    <ClInclude Include="GameEngine\Game.h">
      <Filter>Headerdateien</Filter>
    </ClInclude>
    <ClInclude Include="GameEngine\GameOptions.h">
      <Filter>Headerdateien</Filter>
    </ClInclude>
    <ClInclude Include="GameEngine\Card.h">
      <Filter>Headerdateien</Filter>
    </ClInclude>
    <ClInclude Include="Player\Player.h">
      <Filter>Headerdateien\Player</Filter>
    </ClInclude>
    <ClInclude Include="Player\Dealer.h">
      <Filter>Headerdateien\Player</Filter>
    </ClInclude>
    <ClInclude Include="Player\RandomPlayer.h">
      <Filter>Headerdateien\Player</Filter>
    </ClInclude>
    <ClInclude Include="Player\Human.h">
      <Filter>Headerdateien\Player</Filter>
    </ClInclude>
  </ItemGroup>
</Project>