<?xml version="1.0" encoding="utf-8"?>
<Project ToolsVersion="4.0" xmlns="http://schemas.microsoft.com/developer/msbuild/2003">
  <ItemGroup>
    <Filter Include="Quelldateien">
      <UniqueIdentifier>{4FC737F1-C7A5-4376-A066-2A32D752A2FF}</UniqueIdentifier>
      <Extensions>cpp;c;cc;cxx;def;odl;idl;hpj;bat;asm;asmx</Extensions>
    </Filter>
    <Filter Include="Headerdateien">
      <UniqueIdentifier>{93995380-89BD-4b04-88EB-625FBE52EBFB}</UniqueIdentifier>
      <Extensions>h;hh;hpp;hxx;hm;inl;inc;ipp;xsd</Extensions>
    </Filter>
    <Filter Include="Headerdateien\Player">
      <UniqueIdentifier>{f53d6545-df01-414e-9df6-c042bd96ee96}</UniqueIdentifier>
    </Filter>
    <Filter Include="Headerdateien\libs">
      <UniqueIdentifier>{a868332e-587b-41b3-bc84-218df236b123}</UniqueIdentifier>
    </Filter>
    <Filter Include="Quelldateien\Player">
      <UniqueIdentifier>{a868332e-587b-41b3-bc84-218df236b525}</UniqueIdentifier>
    </Filter>
    <Filter Include="Headerdateien\Game">
      <UniqueIdentifier>{03ee29e5-e6ea-4e63-9e4e-eda2f34b2476}</UniqueIdentifier>
    </Filter>
    <Filter Include="Quelldateien\Game">
      <UniqueIdentifier>{14ac1420-86a6-4a71-9c93-f393b5e602f6}</UniqueIdentifier>
    </Filter>
  </ItemGroup>
  <ItemGroup>
    <ClCompile Include="BlackJackConsole\bjcon.cpp">
      <Filter>Quelldateien</Filter>
    </ClCompile>
    <ClCompile Include="BlackJackConsole\Player\Dealer.cpp">
      <Filter>Quelldateien\Player</Filter>
    </ClCompile>
    <ClCompile Include="BlackJackConsole\Player\Player.cpp">
      <Filter>Quelldateien\Player</Filter>
    </ClCompile>
    <ClCompile Include="BlackJackConsole\Player\Human.cpp">
      <Filter>Quelldateien\Player</Filter>
    </ClCompile>
    <ClCompile Include="BlackJackConsole\GameEngine\Game.cpp">
      <Filter>Quelldateien\Game</Filter>
    </ClCompile>
    <ClCompile Include="BlackJackConsole\GameEngine\GameOptions.cpp">
      <Filter>Quelldateien\Game</Filter>
    </ClCompile>
    <ClCompile Include="BlackJackConsole\libs\logger.cpp">
      <Filter>Quelldateien</Filter>
    </ClCompile>
  </ItemGroup>
  <ItemGroup>
    <ClInclude Include="BlackJackConsole\Player\Player.h">
      <Filter>Headerdateien\Player</Filter>
    </ClInclude>
    <ClInclude Include="BlackJackConsole\Player\Dealer.h">
      <Filter>Headerdateien\Player</Filter>
    </ClInclude>
    <ClInclude Include="BlackJackConsole\Player\RandomPlayer.h">
      <Filter>Headerdateien\Player</Filter>
    </ClInclude>
    <ClInclude Include="BlackJackConsole\Player\Human.h">
      <Filter>Headerdateien\Player</Filter>
    </ClInclude>
    <ClInclude Include="BlackJackConsole\libs\date.h">
      <Filter>Headerdateien\libs</Filter>
    </ClInclude>
    <ClInclude Include="BlackJackConsole\libs\helperFunctions.h">
      <Filter>Headerdateien\libs</Filter>
    </ClInclude>
    <ClInclude Include="BlackJackConsole\libs\log.hpp">
      <Filter>Headerdateien\libs</Filter>
    </ClInclude>
    <ClInclude Include="BlackJackConsole\GameEngine\Card.h">
      <Filter>Headerdateien\Game</Filter>
    </ClInclude>
    <ClInclude Include="BlackJackConsole\GameEngine\Game.h">
      <Filter>Headerdateien\Game</Filter>
    </ClInclude>
    <ClInclude Include="BlackJackConsole\GameEngine\GameOptions.h">
      <Filter>Headerdateien\Game</Filter>
    </ClInclude>
    <ClInclude Include="BlackJackConsole\libs\logger.hpp">
      <Filter>Headerdateien\libs</Filter>
    </ClInclude>
  </ItemGroup>
</Project>